PODS:
  - Alamofire (4.3.0)
  - AlamofireObjectMapper (4.0.1):
    - Alamofire (~> 4.1)
    - ObjectMapper (~> 2.0)
  - ObjectMapper (2.2.2)
  - SDWebImage (4.0.0):
    - SDWebImage/Core (= 4.0.0)
  - SDWebImage/Core (4.0.0)

DEPENDENCIES:
  - Alamofire
  - AlamofireObjectMapper
  - ObjectMapper
  - SDWebImage

SPEC CHECKSUMS:
  Alamofire: 856a113053a7bc9cbe5d6367a555d773fc5cfef7
  AlamofireObjectMapper: 842d2eed43a4d0593ff0110d54ac86a170c4519c
  ObjectMapper: 9e385c2295bcc4e16eabbcfc85db801442bba545
  SDWebImage: 76a6348bdc74eb5a55dd08a091ef298e56b55e41

PODFILE CHECKSUM: 31edff9624796309d82f79a124e70faf29c6d327

COCOAPODS: 1.1.1
